
Microsoft Visual Studio Solution File, Format Version 12.00
# Visual Studio Version 17
VisualStudioVersion = 17.12.35527.113
MinimumVisualStudioVersion = 10.0.40219.1
Project("{FAE04EC0-301F-11D3-BF4B-00C04F79EFBC}") = "MDNN", "MDNN\MDNN.csproj", "{9C5C4379-5E80-41F6-91A7-5676FDFF30E3}"
EndProject
Project("{FAE04EC0-301F-11D3-BF4B-00C04F79EFBC}") = "MDNN.Tests", "MDNN.Tests\MDNN.Tests.csproj", "{E58F1DFA-04BC-4747-9059-901F0163D1B5}"
EndProject
Project("{FAE04EC0-301F-11D3-BF4B-00C04F79EFBC}") = "MDNN.Benchmarks", "MDNN.Benchmarks\MDNN.Benchmarks.csproj", "{46415479-B23A-4FB3-97CF-021DAD302E24}"
EndProject
Global
	GlobalSection(SolutionConfigurationPlatforms) = preSolution
		Debug|Any CPU = Debug|Any CPU
		Debug|x64 = Debug|x64
		Debug|x86 = Debug|x86
		Release|Any CPU = Release|Any CPU
		Release|x64 = Release|x64
		Release|x86 = Release|x86
	EndGlobalSection
	GlobalSection(ProjectConfigurationPlatforms) = postSolution
		{9C5C4379-5E80-41F6-91A7-5676FDFF30E3}.Debug|Any CPU.ActiveCfg = Debug|Any CPU
		{9C5C4379-5E80-41F6-91A7-5676FDFF30E3}.Debug|Any CPU.Build.0 = Debug|Any CPU
		{9C5C4379-5E80-41F6-91A7-5676FDFF30E3}.Debug|x64.ActiveCfg = Debug|Any CPU
		{9C5C4379-5E80-41F6-91A7-5676FDFF30E3}.Debug|x64.Build.0 = Debug|Any CPU
		{9C5C4379-5E80-41F6-91A7-5676FDFF30E3}.Debug|x86.ActiveCfg = Debug|Any CPU
		{9C5C4379-5E80-41F6-91A7-5676FDFF30E3}.Debug|x86.Build.0 = Debug|Any CPU
		{9C5C4379-5E80-41F6-91A7-5676FDFF30E3}.Release|Any CPU.ActiveCfg = Release|Any CPU
		{9C5C4379-5E80-41F6-91A7-5676FDFF30E3}.Release|Any CPU.Build.0 = Release|Any CPU
		{9C5C4379-5E80-41F6-91A7-5676FDFF30E3}.Release|x64.ActiveCfg = Release|Any CPU
		{9C5C4379-5E80-41F6-91A7-5676FDFF30E3}.Release|x64.Build.0 = Release|Any CPU
		{9C5C4379-5E80-41F6-91A7-5676FDFF30E3}.Release|x86.ActiveCfg = Release|Any CPU
		{9C5C4379-5E80-41F6-91A7-5676FDFF30E3}.Release|x86.Build.0 = Release|Any CPU
		{E58F1DFA-04BC-4747-9059-901F0163D1B5}.Debug|Any CPU.ActiveCfg = Debug|Any CPU
		{E58F1DFA-04BC-4747-9059-901F0163D1B5}.Debug|Any CPU.Build.0 = Debug|Any CPU
		{E58F1DFA-04BC-4747-9059-901F0163D1B5}.Debug|x64.ActiveCfg = Debug|Any CPU
		{E58F1DFA-04BC-4747-9059-901F0163D1B5}.Debug|x64.Build.0 = Debug|Any CPU
		{E58F1DFA-04BC-4747-9059-901F0163D1B5}.Debug|x86.ActiveCfg = Debug|Any CPU
		{E58F1DFA-04BC-4747-9059-901F0163D1B5}.Debug|x86.Build.0 = Debug|Any CPU
		{E58F1DFA-04BC-4747-9059-901F0163D1B5}.Release|Any CPU.ActiveCfg = Release|Any CPU
		{E58F1DFA-04BC-4747-9059-901F0163D1B5}.Release|Any CPU.Build.0 = Release|Any CPU
		{E58F1DFA-04BC-4747-9059-901F0163D1B5}.Release|x64.ActiveCfg = Release|Any CPU
		{E58F1DFA-04BC-4747-9059-901F0163D1B5}.Release|x64.Build.0 = Release|Any CPU
		{E58F1DFA-04BC-4747-9059-901F0163D1B5}.Release|x86.ActiveCfg = Release|Any CPU
		{E58F1DFA-04BC-4747-9059-901F0163D1B5}.Release|x86.Build.0 = Release|Any CPU
		{46415479-B23A-4FB3-97CF-021DAD302E24}.Debug|Any CPU.ActiveCfg = Debug|Any CPU
		{46415479-B23A-4FB3-97CF-021DAD302E24}.Debug|Any CPU.Build.0 = Debug|Any CPU
		{46415479-B23A-4FB3-97CF-021DAD302E24}.Debug|x64.ActiveCfg = Debug|Any CPU
		{46415479-B23A-4FB3-97CF-021DAD302E24}.Debug|x64.Build.0 = Debug|Any CPU
		{46415479-B23A-4FB3-97CF-021DAD302E24}.Debug|x86.ActiveCfg = Debug|Any CPU
		{46415479-B23A-4FB3-97CF-021DAD302E24}.Debug|x86.Build.0 = Debug|Any CPU
		{46415479-B23A-4FB3-97CF-021DAD302E24}.Release|Any CPU.ActiveCfg = Release|Any CPU
		{46415479-B23A-4FB3-97CF-021DAD302E24}.Release|Any CPU.Build.0 = Release|Any CPU
		{46415479-B23A-4FB3-97CF-021DAD302E24}.Release|x64.ActiveCfg = Release|Any CPU
		{46415479-B23A-4FB3-97CF-021DAD302E24}.Release|x64.Build.0 = Release|Any CPU
		{46415479-B23A-4FB3-97CF-021DAD302E24}.Release|x86.ActiveCfg = Release|Any CPU
		{46415479-B23A-4FB3-97CF-021DAD302E24}.Release|x86.Build.0 = Release|Any CPU
	EndGlobalSection
	GlobalSection(SolutionProperties) = preSolution
		HideSolutionNode = FALSE
	EndGlobalSection
EndGlobal
